
Microsoft Visual Studio Solution File, Format Version 12.00
# Visual Studio Version 16
VisualStudioVersion = 16.0.30523.141
MinimumVisualStudioVersion = 10.0.40219.1
Project("{FAE04EC0-301F-11D3-BF4B-00C04F79EFBC}") = "ToDyeFor", "ToDyeFor.csproj", "{265C0A37-1B83-4C99-99FD-31AF77EE3C3C}"
EndProject
Global
	GlobalSection(SolutionConfigurationPlatforms) = preSolution
		Debug|Any CPU = Debug|Any CPU
		Release|Any CPU = Release|Any CPU
	EndGlobalSection
	GlobalSection(ProjectConfigurationPlatforms) = postSolution
		{265C0A37-1B83-4C99-99FD-31AF77EE3C3C}.Debug|Any CPU.ActiveCfg = Debug|Any CPU
		{265C0A37-1B83-4C99-99FD-31AF77EE3C3C}.Debug|Any CPU.Build.0 = Debug|Any CPU
		{265C0A37-1B83-4C99-99FD-31AF77EE3C3C}.Release|Any CPU.ActiveCfg = Release|Any CPU
		{265C0A37-1B83-4C99-99FD-31AF77EE3C3C}.Release|Any CPU.Build.0 = Release|Any CPU
	EndGlobalSection
	GlobalSection(SolutionProperties) = preSolution
		HideSolutionNode = FALSE
	EndGlobalSection
	GlobalSection(ExtensibilityGlobals) = postSolution
		SolutionGuid = {238FF6AC-8A12-4F1E-9071-B99503E7A50D}
	EndGlobalSection
EndGlobal
