
Microsoft Visual Studio Solution File, Format Version 12.00
# Visual Studio Version 16
VisualStudioVersion = 16.0.30804.86
MinimumVisualStudioVersion = 10.0.40219.1
Project("{FAE04EC0-301F-11D3-BF4B-00C04F79EFBC}") = "ToDyeFor", "ToDyeFor\ToDyeFor.csproj", "{3F916E35-7228-468D-941A-AE02F5075C77}"
EndProject
Global
	GlobalSection(SolutionConfigurationPlatforms) = preSolution
		Debug|Any CPU = Debug|Any CPU
		Release|Any CPU = Release|Any CPU
	EndGlobalSection
	GlobalSection(ProjectConfigurationPlatforms) = postSolution
		{3F916E35-7228-468D-941A-AE02F5075C77}.Debug|Any CPU.ActiveCfg = Debug|Any CPU
		{3F916E35-7228-468D-941A-AE02F5075C77}.Debug|Any CPU.Build.0 = Debug|Any CPU
		{3F916E35-7228-468D-941A-AE02F5075C77}.Release|Any CPU.ActiveCfg = Release|Any CPU
		{3F916E35-7228-468D-941A-AE02F5075C77}.Release|Any CPU.Build.0 = Release|Any CPU
	EndGlobalSection
	GlobalSection(SolutionProperties) = preSolution
		HideSolutionNode = FALSE
	EndGlobalSection
	GlobalSection(ExtensibilityGlobals) = postSolution
		SolutionGuid = {B59C9993-FF3C-41C0-97B0-68266B26C039}
	EndGlobalSection
EndGlobal
